
Microsoft Visual Studio Solution File, Format Version 12.00
# Visual Studio Version 16
VisualStudioVersion = 16.0.30611.23
MinimumVisualStudioVersion = 10.0.40219.1
Project("{FAE04EC0-301F-11D3-BF4B-00C04F79EFBC}") = "WebApplication3", "WebApplication3\WebApplication3.csproj", "{94070187-B296-4C67-96B0-148EC3A497D2}"
EndProject
Project("{FAE04EC0-301F-11D3-BF4B-00C04F79EFBC}") = "DataBsae", "DataBsae\DataBsae.csproj", "{52895A7C-6638-40E3-A4EF-74B5D547C045}"
EndProject
Project("{9A19103F-16F7-4668-BE54-9A1E7A4F7556}") = "Test 2", "Test 2\Test 2.csproj", "{DA91970E-18F3-4BE3-A256-B159C43284BF}"
EndProject
Global
	GlobalSection(SolutionConfigurationPlatforms) = preSolution
		Debug|Any CPU = Debug|Any CPU
		Release|Any CPU = Release|Any CPU
	EndGlobalSection
	GlobalSection(ProjectConfigurationPlatforms) = postSolution
		{94070187-B296-4C67-96B0-148EC3A497D2}.Debug|Any CPU.ActiveCfg = Debug|Any CPU
		{94070187-B296-4C67-96B0-148EC3A497D2}.Debug|Any CPU.Build.0 = Debug|Any CPU
		{94070187-B296-4C67-96B0-148EC3A497D2}.Release|Any CPU.ActiveCfg = Release|Any CPU
		{94070187-B296-4C67-96B0-148EC3A497D2}.Release|Any CPU.Build.0 = Release|Any CPU
		{52895A7C-6638-40E3-A4EF-74B5D547C045}.Debug|Any CPU.ActiveCfg = Debug|Any CPU
		{52895A7C-6638-40E3-A4EF-74B5D547C045}.Debug|Any CPU.Build.0 = Debug|Any CPU
		{52895A7C-6638-40E3-A4EF-74B5D547C045}.Release|Any CPU.ActiveCfg = Release|Any CPU
		{52895A7C-6638-40E3-A4EF-74B5D547C045}.Release|Any CPU.Build.0 = Release|Any CPU
		{DA91970E-18F3-4BE3-A256-B159C43284BF}.Debug|Any CPU.ActiveCfg = Debug|Any CPU
		{DA91970E-18F3-4BE3-A256-B159C43284BF}.Debug|Any CPU.Build.0 = Debug|Any CPU
		{DA91970E-18F3-4BE3-A256-B159C43284BF}.Release|Any CPU.ActiveCfg = Release|Any CPU
		{DA91970E-18F3-4BE3-A256-B159C43284BF}.Release|Any CPU.Build.0 = Release|Any CPU
	EndGlobalSection
	GlobalSection(SolutionProperties) = preSolution
		HideSolutionNode = FALSE
	EndGlobalSection
	GlobalSection(ExtensibilityGlobals) = postSolution
		SolutionGuid = {86139DA7-C7A7-4E0F-BDAF-FD998183E10E}
	EndGlobalSection
EndGlobal
